<?xml version="1.0" encoding="utf-8"?>
<Project ToolsVersion="16.0" xmlns="http://schemas.microsoft.com/developer/msbuild/2003">
  <ItemGroup>
    <ClCompile Include="..\gltf\animation.cpp">
      <Filter>Source Files</Filter>
    </ClCompile>
    <ClCompile Include="..\gltf\basisenc.cpp">
      <Filter>Source Files</Filter>
    </ClCompile>
    <ClCompile Include="..\gltf\basislib.cpp">
      <Filter>Source Files</Filter>
    </ClCompile>
    <ClCompile Include="..\gltf\fileio.cpp">
      <Filter>Source Files</Filter>
    </ClCompile>
    <ClCompile Include="..\gltf\gltfpack.cpp">
      <Filter>Source Files</Filter>
    </ClCompile>
    <ClCompile Include="..\gltf\image.cpp">
      <Filter>Source Files</Filter>
    </ClCompile>
    <ClCompile Include="..\gltf\json.cpp">
      <Filter>Source Files</Filter>
    </ClCompile>
    <ClCompile Include="..\gltf\material.cpp">
      <Filter>Source Files</Filter>
    </ClCompile>
    <ClCompile Include="..\gltf\mesh.cpp">
      <Filter>Source Files</Filter>
    </ClCompile>
    <ClCompile Include="..\gltf\node.cpp">
      <Filter>Source Files</Filter>
    </ClCompile>
    <ClCompile Include="..\gltf\parseobj.cpp">
      <Filter>Source Files</Filter>
    </ClCompile>
    <ClCompile Include="..\gltf\parselib.cpp">
      <Filter>Source Files</Filter>
    </ClCompile>
    <ClCompile Include="..\gltf\parsegltf.cpp">
      <Filter>Source Files</Filter>
    </ClCompile>
    <ClCompile Include="..\gltf\stream.cpp">
      <Filter>Source Files</Filter>
    </ClCompile>
    <ClCompile Include="..\gltf\write.cpp">
      <Filter>Source Files</Filter>
    </ClCompile>
  </ItemGroup>
  <ItemGroup>
    <Filter Include="Source Files">
      <UniqueIdentifier>{C84C886A-5C8C-3893-AB66-055AD832A2ED}</UniqueIdentifier>
    </Filter>
  </ItemGroup>
</Project>